
Microsoft Visual Studio Solution File, Format Version 12.00
# Visual Studio Version 16
VisualStudioVersion = 16.0.32002.261
MinimumVisualStudioVersion = 10.0.40219.1
Project("{FAE04EC0-301F-11D3-BF4B-00C04F79EFBC}") = "WindowsFormsApp7", "WindowsFormsApp7\WindowsFormsApp7.csproj", "{20890B37-17FF-4A34-9B17-71C12E2D876C}"
EndProject
Global
	GlobalSection(SolutionConfigurationPlatforms) = preSolution
		Debug|Any CPU = Debug|Any CPU
		Release|Any CPU = Release|Any CPU
	EndGlobalSection
	GlobalSection(ProjectConfigurationPlatforms) = postSolution
		{20890B37-17FF-4A34-9B17-71C12E2D876C}.Debug|Any CPU.ActiveCfg = Debug|Any CPU
		{20890B37-17FF-4A34-9B17-71C12E2D876C}.Debug|Any CPU.Build.0 = Debug|Any CPU
		{20890B37-17FF-4A34-9B17-71C12E2D876C}.Release|Any CPU.ActiveCfg = Release|Any CPU
		{20890B37-17FF-4A34-9B17-71C12E2D876C}.Release|Any CPU.Build.0 = Release|Any CPU
	EndGlobalSection
	GlobalSection(SolutionProperties) = preSolution
		HideSolutionNode = FALSE
	EndGlobalSection
	GlobalSection(ExtensibilityGlobals) = postSolution
		SolutionGuid = {8A00E19E-D167-475B-B8C8-A2F2162CDA00}
	EndGlobalSection
EndGlobal
